// !$*UTF8*$!
{
	archiveVersion = 1;
	classes = {
	};
	objectVersion = 46;
	objects = {

/* Begin PBXBuildFile section */
		23303A8E1D934339009A9598 /* AppDelegate.swift in Sources */ = {isa = PBXBuildFile; fileRef = 23303A8D1D934339009A9598 /* AppDelegate.swift */; };
		23303A901D934339009A9598 /* ViewController.swift in Sources */ = {isa = PBXBuildFile; fileRef = 23303A8F1D934339009A9598 /* ViewController.swift */; };
		23303A931D934339009A9598 /* Main.storyboard in Resources */ = {isa = PBXBuildFile; fileRef = 23303A911D934339009A9598 /* Main.storyboard */; };
		23303A951D934339009A9598 /* Assets.xcassets in Resources */ = {isa = PBXBuildFile; fileRef = 23303A941D934339009A9598 /* Assets.xcassets */; };
		23303A981D934339009A9598 /* LaunchScreen.storyboard in Resources */ = {isa = PBXBuildFile; fileRef = 23303A961D934339009A9598 /* LaunchScreen.storyboard */; };
/* End PBXBuildFile section */

/* Begin PBXFileReference section */
		23303A8A1D934339009A9598 /* MiraclePillsPicker.app */ = {isa = PBXFileReference; explicitFileType = wrapper.application; includeInIndex = 0; path = MiraclePillsPicker.app; sourceTree = BUILT_PRODUCTS_DIR; };
		23303A8D1D934339009A9598 /* AppDelegate.swift */ = {isa = PBXFileReference; lastKnownFileType = sourcecode.swift; path = AppDelegate.swift; sourceTree = "<group>"; };
		23303A8F1D934339009A9598 /* ViewController.swift */ = {isa = PBXFileReference; lastKnownFileType = sourcecode.swift; path = ViewController.swift; sourceTree = "<group>"; };
		23303A921D934339009A9598 /* Base */ = {isa = PBXFileReference; lastKnownFileType = file.storyboard; name = Base; path = Base.lproj/Main.storyboard; sourceTree = "<group>"; };
		23303A941D934339009A9598 /* Assets.xcassets */ = {isa = PBXFileReference; lastKnownFileType = folder.assetcatalog; path = Assets.xcassets; sourceTree = "<group>"; };
		23303A971D934339009A9598 /* Base */ = {isa = PBXFileReference; lastKnownFileType = file.storyboard; name = Base; path = Base.lproj/LaunchScreen.storyboard; sourceTree = "<group>"; };
		23303A991D934339009A9598 /* Info.plist */ = {isa = PBXFileReference; lastKnownFileType = text.plist.xml; path = Info.plist; sourceTree = "<group>"; };
/* End PBXFileReference section */

/* Begin PBXFrameworksBuildPhase section */
		23303A871D934338009A9598 /* Frameworks */ = {
			isa = PBXFrameworksBuildPhase;
			buildActionMask = 2147483647;
			files = (
			);
			runOnlyForDeploymentPostprocessing = 0;
		};
/* End PBXFrameworksBuildPhase section */

/* Begin PBXGroup section */
		23303A811D934338009A9598 = {
			isa = PBXGroup;
			children = (
				23303A8C1D934339009A9598 /* MiraclePillsPicker */,
				23303A8B1D934339009A9598 /* Products */,
			);
			sourceTree = "<group>";
		};
		23303A8B1D934339009A9598 /* Products */ = {
			isa = PBXGroup;
			children = (
				23303A8A1D934339009A9598 /* MiraclePillsPicker.app */,
			);
			name = Products;
			sourceTree = "<group>";
		};
		23303A8C1D934339009A9598 /* MiraclePillsPicker */ = {
			isa = PBXGroup;
			children = (
				23303A8D1D934339009A9598 /* AppDelegate.swift */,
				23303A8F1D934339009A9598 /* ViewController.swift */,
				23303A911D934339009A9598 /* Main.storyboard */,
				23303A941D934339009A9598 /* Assets.xcassets */,
				23303A961D934339009A9598 /* LaunchScreen.storyboard */,
				23303A991D934339009A9598 /* Info.plist */,
			);
			path = MiraclePillsPicker;
			sourceTree = "<group>";
		};
/* End PBXGroup section */

/* Begin PBXNativeTarget section */
		23303A891D934338009A9598 /* MiraclePillsPicker */ = {
			isa = PBXNativeTarget;
			buildConfigurationList = 23303A9C1D934339009A9598 /* Build configuration list for PBXNativeTarget "MiraclePillsPicker" */;
			buildPhases = (
				23303A861D934338009A9598 /* Sources */,
				23303A871D934338009A9598 /* Frameworks */,
				23303A881D934338009A9598 /* Resources */,
			);
			buildRules = (
			);
			dependencies = (
			);
			name = MiraclePillsPicker;
			productName = MiraclePillsPicker;
			productReference = 23303A8A1D934339009A9598 /* MiraclePillsPicker.app */;
			productType = "com.apple.product-type.application";
		};
/* End PBXNativeTarget section */

/* Begin PBXProject section */
		23303A821D934338009A9598 /* Project object */ = {
			isa = PBXProject;
			attributes = {
				LastSwiftUpdateCheck = 0800;
				LastUpgradeCheck = 0800;
				ORGANIZATIONNAME = "Brady Mirkes";
				TargetAttributes = {
					23303A891D934338009A9598 = {
						CreatedOnToolsVersion = 8.0;
						DevelopmentTeam = L2C4KVEJ37;
						ProvisioningStyle = Automatic;
					};
				};
			};
			buildConfigurationList = 23303A851D934338009A9598 /* Build configuration list for PBXProject "MiraclePillsPicker" */;
			compatibilityVersion = "Xcode 3.2";
			developmentRegion = English;
			hasScannedForEncodings = 0;
			knownRegions = (
				en,
				Base,
			);
			mainGroup = 23303A811D934338009A9598;
			productRefGroup = 23303A8B1D934339009A9598 /* Products */;
			projectDirPath = "";
			projectRoot = "";
			targets = (
				23303A891D934338009A9598 /* MiraclePillsPicker */,
			);
		};
/* End PBXProject section */

/* Begin PBXResourcesBuildPhase section */
		23303A881D934338009A9598 /* Resources */ = {
			isa = PBXResourcesBuildPhase;
			buildActionMask = 2147483647;
			files = (
				23303A981D934339009A9598 /* LaunchScreen.storyboard in Resources */,
				23303A951D934339009A9598 /* Assets.xcassets in Resources */,
				23303A931D934339009A9598 /* Main.storyboard in Resources */,
			);
			runOnlyForDeploymentPostprocessing = 0;
		};
/* End PBXResourcesBuildPhase section */

/* Begin PBXSourcesBuildPhase section */
		23303A861D934338009A9598 /* Sources */ = {
			isa = PBXSourcesBuildPhase;
			buildActionMask = 2147483647;
			files = (
				23303A901D934339009A9598 /* ViewController.swift in Sources */,
				23303A8E1D934339009A9598 /* AppDelegate.swift in Sources */,
			);
			runOnlyForDeploymentPostprocessing = 0;
		};
/* End PBXSourcesBuildPhase section */

/* Begin PBXVariantGroup section */
		23303A911D934339009A9598 /* Main.storyboard */ = {
			isa = PBXVariantGroup;
			children = (
				23303A921D934339009A9598 /* Base */,
			);
			name = Main.storyboard;
			sourceTree = "<group>";
		};
		23303A961D934339009A9598 /* LaunchScreen.storyboard */ = {
			isa = PBXVariantGroup;
			children = (
				23303A971D934339009A9598 /* Base */,
			);
			name = LaunchScreen.storyboard;
			sourceTree = "<group>";
		};
/* End PBXVariantGroup section */

/* Begin XCBuildConfiguration section */
		23303A9A1D934339009A9598 /* Debug */ = {
			isa = XCBuildConfiguration;
			buildSettings = {
				ALWAYS_SEARCH_USER_PATHS = NO;
				CLANG_ANALYZER_NONNULL = YES;
				CLANG_CXX_LANGUAGE_STANDARD = "gnu++0x";
				CLANG_CXX_LIBRARY = "libc++";
				CLANG_ENABLE_MODULES = YES;
				CLANG_ENABLE_OBJC_ARC = YES;
				CLANG_WARN_BOOL_CONVERSION = YES;
				CLANG_WARN_CONSTANT_CONVERSION = YES;
				CLANG_WARN_DIRECT_OBJC_ISA_USAGE = YES_ERROR;
				CLANG_WARN_DOCUMENTATION_COMMENTS = YES;
				CLANG_WARN_EMPTY_BODY = YES;
				CLANG_WARN_ENUM_CONVERSION = YES;
				CLANG_WARN_INFINITE_RECURSION = YES;
				CLANG_WARN_INT_CONVERSION = YES;
				CLANG_WARN_OBJC_ROOT_CLASS = YES_ERROR;
				CLANG_WARN_SUSPICIOUS_MOVES = YES;
				CLANG_WARN_UNREACHABLE_CODE = YES;
				CLANG_WARN__DUPLICATE_METHOD_MATCH = YES;
				"CODE_SIGN_IDENTITY[sdk=iphoneos*]" = "iPhone Developer";
				COPY_PHASE_STRIP = NO;
				DEBUG_INFORMATION_FORMAT = dwarf;
				ENABLE_STRICT_OBJC_MSGSEND = YES;
				ENABLE_TESTABILITY = YES;
				GCC_C_LANGUAGE_STANDARD = gnu99;
				GCC_DYNAMIC_NO_PIC = NO;
				GCC_NO_COMMON_BLOCKS = YES;
				GCC_OPTIMIZATION_LEVEL = 0;
				GCC_PREPROCESSOR_DEFINITIONS = (
					"DEBUG=1",
					"$(inherited)",
				);
				GCC_WARN_64_TO_32_BIT_CONVERSION = YES;
				GCC_WARN_ABOUT_RETURN_TYPE = YES_ERROR;
				GCC_WARN_UNDECLARED_SELECTOR = YES;
				GCC_WARN_UNINITIALIZED_AUTOS = YES_AGGRESSIVE;
				GCC_WARN_UNUSED_FUNCTION = YES;
				GCC_WARN_UNUSED_VARIABLE = YES;
				IPHONEOS_DEPLOYMENT_TARGET = 10.0;
				MTL_ENABLE_DEBUG_INFO = YES;
				ONLY_ACTIVE_ARCH = YES;
				SDKROOT = iphoneos;
				SWIFT_ACTIVE_COMPILATION_CONDITIONS = DEBUG;
				SWIFT_OPTIMIZATION_LEVEL = "-Onone";
			};
			name = Debug;
		};
		23303A9B1D934339009A9598 /* Release */ = {
			isa = XCBuildConfiguration;
			buildSettings = {
				ALWAYS_SEARCH_USER_PATHS = NO;
				CLANG_ANALYZER_NONNULL = YES;
				CLANG_CXX_LANGUAGE_STANDARD = "gnu++0x";
				CLANG_CXX_LIBRARY = "libc++";
				CLANG_ENABLE_MODULES = YES;
				CLANG_ENABLE_OBJC_ARC = YES;
				CLANG_WARN_BOOL_CONVERSION = YES;
				CLANG_WARN_CONSTANT_CONVERSION = YES;
				CLANG_WARN_DIRECT_OBJC_ISA_USAGE = YES_ERROR;
				CLANG_WARN_DOCUMENTATION_COMMENTS = YES;
				CLANG_WARN_EMPTY_BODY = YES;
				CLANG_WARN_ENUM_CONVERSION = YES;
				CLANG_WARN_INFINITE_RECURSION = YES;
				CLANG_WARN_INT_CONVERSION = YES;
				CLANG_WARN_OBJC_ROOT_CLASS = YES_ERROR;
				CLANG_WARN_SUSPICIOUS_MOVES = YES;
				CLANG_WARN_UNREACHABLE_CODE = YES;
				CLANG_WARN__DUPLICATE_METHOD_MATCH = YES;
				"CODE_SIGN_IDENTITY[sdk=iphoneos*]" = "iPhone Developer";
				COPY_PHASE_STRIP = NO;
				DEBUG_INFORMATION_FORMAT = "dwarf-with-dsym";
				ENABLE_NS_ASSERTIONS = NO;
				ENABLE_STRICT_OBJC_MSGSEND = YES;
				GCC_C_LANGUAGE_STANDARD = gnu99;
				GCC_NO_COMMON_BLOCKS = YES;
				GCC_WARN_64_TO_32_BIT_CONVERSION = YES;
				GCC_WARN_ABOUT_RETURN_TYPE = YES_ERROR;
				GCC_WARN_UNDECLARED_SELECTOR = YES;
				GCC_WARN_UNINITIALIZED_AUTOS = YES_AGGRESSIVE;
				GCC_WARN_UNUSED_FUNCTION = YES;
				GCC_WARN_UNUSED_VARIABLE = YES;
				IPHONEOS_DEPLOYMENT_TARGET = 10.0;
				MTL_ENABLE_DEBUG_INFO = NO;
				SDKROOT = iphoneos;
				SWIFT_OPTIMIZATION_LEVEL = "-Owholemodule";
				VALIDATE_PRODUCT = YES;
			};
			name = Release;
		};
		23303A9D1D934339009A9598 /* Debug */ = {
			isa = XCBuildConfiguration;
			buildSettings = {
				ASSETCATALOG_COMPILER_APPICON_NAME = AppIcon;
				DEVELOPMENT_TEAM = L2C4KVEJ37;
				INFOPLIST_FILE = MiraclePillsPicker/Info.plist;
				LD_RUNPATH_SEARCH_PATHS = "$(inherited) @executable_path/Frameworks";
				PRODUCT_BUNDLE_IDENTIFIER = com.mirkes.MiraclePillsPicker;
				PRODUCT_NAME = "$(TARGET_NAME)";
				SWIFT_VERSION = 3.0;
			};
			name = Debug;
		};
		23303A9E1D934339009A9598 /* Release */ = {
			isa = XCBuildConfiguration;
			buildSettings = {
				ASSETCATALOG_COMPILER_APPICON_NAME = AppIcon;
				DEVELOPMENT_TEAM = L2C4KVEJ37;
				INFOPLIST_FILE = MiraclePillsPicker/Info.plist;
				LD_RUNPATH_SEARCH_PATHS = "$(inherited) @executable_path/Frameworks";
				PRODUCT_BUNDLE_IDENTIFIER = com.mirkes.MiraclePillsPicker;
				PRODUCT_NAME = "$(TARGET_NAME)";
				SWIFT_VERSION = 3.0;
			};
			name = Release;
		};
/* End XCBuildConfiguration section */

/* Begin XCConfigurationList section */
		23303A851D934338009A9598 /* Build configuration list for PBXProject "MiraclePillsPicker" */ = {
			isa = XCConfigurationList;
			buildConfigurations = (
				23303A9A1D934339009A9598 /* Debug */,
				23303A9B1D934339009A9598 /* Release */,
			);
			defaultConfigurationIsVisible = 0;
			defaultConfigurationName = Release;
		};
		23303A9C1D934339009A9598 /* Build configuration list for PBXNativeTarget "MiraclePillsPicker" */ = {
			isa = XCConfigurationList;
			buildConfigurations = (
				23303A9D1D934339009A9598 /* Debug */,
				23303A9E1D934339009A9598 /* Release */,
			);
			defaultConfigurationIsVisible = 0;
		};
/* End XCConfigurationList section */
	};
	rootObject = 23303A821D934338009A9598 /* Project object */;
}
